
Microsoft Visual Studio Solution File, Format Version 12.00
# Visual Studio 15
VisualStudioVersion = 15.0.28307.329
MinimumVisualStudioVersion = 10.0.40219.1
Project("{FAE04EC0-301F-11D3-BF4B-00C04F79EFBC}") = "HumanResourceManagement", "HumanResourceManagement\HumanResourceManagement.csproj", "{D9B437E1-19DF-43BC-966F-11A07B5E596E}"
EndProject
Project("{00D1A9C2-B5F0-4AF3-8072-F6C62B433612}") = "HRMDatabase", "HRMDatabase\HRMDatabase.sqlproj", "{079D9508-C441-4FB8-9347-59809D2272F4}"
EndProject
Project("{FAE04EC0-301F-11D3-BF4B-00C04F79EFBC}") = "HRMDAL", "HRMDAL\HRMDAL.csproj", "{68BDDCF3-A283-4C3F-B4EC-A814A89C330F}"
EndProject
Project("{FAE04EC0-301F-11D3-BF4B-00C04F79EFBC}") = "HRMBLL", "HRMBLL\HRMBLL.csproj", "{E65E2F1E-E095-433C-A04C-F8E720CA468E}"
EndProject
Global
	GlobalSection(SolutionConfigurationPlatforms) = preSolution
		Debug|Any CPU = Debug|Any CPU
		Release|Any CPU = Release|Any CPU
	EndGlobalSection
	GlobalSection(ProjectConfigurationPlatforms) = postSolution
		{D9B437E1-19DF-43BC-966F-11A07B5E596E}.Debug|Any CPU.ActiveCfg = Debug|Any CPU
		{D9B437E1-19DF-43BC-966F-11A07B5E596E}.Debug|Any CPU.Build.0 = Debug|Any CPU
		{D9B437E1-19DF-43BC-966F-11A07B5E596E}.Release|Any CPU.ActiveCfg = Release|Any CPU
		{D9B437E1-19DF-43BC-966F-11A07B5E596E}.Release|Any CPU.Build.0 = Release|Any CPU
		{079D9508-C441-4FB8-9347-59809D2272F4}.Debug|Any CPU.ActiveCfg = Debug|Any CPU
		{079D9508-C441-4FB8-9347-59809D2272F4}.Debug|Any CPU.Build.0 = Debug|Any CPU
		{079D9508-C441-4FB8-9347-59809D2272F4}.Debug|Any CPU.Deploy.0 = Debug|Any CPU
		{079D9508-C441-4FB8-9347-59809D2272F4}.Release|Any CPU.ActiveCfg = Release|Any CPU
		{079D9508-C441-4FB8-9347-59809D2272F4}.Release|Any CPU.Build.0 = Release|Any CPU
		{079D9508-C441-4FB8-9347-59809D2272F4}.Release|Any CPU.Deploy.0 = Release|Any CPU
		{68BDDCF3-A283-4C3F-B4EC-A814A89C330F}.Debug|Any CPU.ActiveCfg = Debug|Any CPU
		{68BDDCF3-A283-4C3F-B4EC-A814A89C330F}.Debug|Any CPU.Build.0 = Debug|Any CPU
		{68BDDCF3-A283-4C3F-B4EC-A814A89C330F}.Release|Any CPU.ActiveCfg = Release|Any CPU
		{68BDDCF3-A283-4C3F-B4EC-A814A89C330F}.Release|Any CPU.Build.0 = Release|Any CPU
		{E65E2F1E-E095-433C-A04C-F8E720CA468E}.Debug|Any CPU.ActiveCfg = Debug|Any CPU
		{E65E2F1E-E095-433C-A04C-F8E720CA468E}.Debug|Any CPU.Build.0 = Debug|Any CPU
		{E65E2F1E-E095-433C-A04C-F8E720CA468E}.Release|Any CPU.ActiveCfg = Release|Any CPU
		{E65E2F1E-E095-433C-A04C-F8E720CA468E}.Release|Any CPU.Build.0 = Release|Any CPU
	EndGlobalSection
	GlobalSection(SolutionProperties) = preSolution
		HideSolutionNode = FALSE
	EndGlobalSection
	GlobalSection(ExtensibilityGlobals) = postSolution
		SolutionGuid = {C810A5DF-3A8D-4DD6-90E8-3523F81FB6FC}
	EndGlobalSection
EndGlobal
